<?xml version="1.0" encoding="utf-8"?>
<Project ToolsVersion="4.0" xmlns="http://schemas.microsoft.com/developer/msbuild/2003">
  <ItemGroup>
    <Filter Include="Source Files">
      <UniqueIdentifier>{4FC737F1-C7A5-4376-A066-2A32D752A2FF}</UniqueIdentifier>
      <Extensions>cpp;c;cc;cxx;def;odl;idl;hpj;bat;asm;asmx</Extensions>
    </Filter>
    <Filter Include="Header Files">
      <UniqueIdentifier>{93995380-89BD-4b04-88EB-625FBE52EBFB}</UniqueIdentifier>
      <Extensions>h;hpp;hxx;hm;inl;inc;xsd</Extensions>
    </Filter>
    <Filter Include="Resource Files">
      <UniqueIdentifier>{67DA6AB6-F800-4c08-8B7A-83BB121AAD01}</UniqueIdentifier>
      <Extensions>rc;ico;cur;bmp;dlg;rc2;rct;bin;rgs;gif;jpg;jpeg;jpe;resx;tiff;tif;png;wav;mfcribbon-ms</Extensions>
    </Filter>
    <Filter Include="Source Files\cpptemplate">
      <UniqueIdentifier>{5c578559-cb8b-410a-b5ce-407587a420aa}</UniqueIdentifier>
    </Filter>
    <Filter Include="Header Files\types">
      <UniqueIdentifier>{eb269b66-e3c3-46c3-a123-a0e6a8dbbe2b}</UniqueIdentifier>
    </Filter>
  </ItemGroup>
  <ItemGroup>
    <Text Include="ReadMe.txt" />
  </ItemGroup>
  <ItemGroup>
    <ClInclude Include="stdafx.h">
      <Filter>Header Files</Filter>
    </ClInclude>
    <ClInclude Include="targetver.h">
      <Filter>Header Files</Filter>
    </ClInclude>
    <ClInclude Include="..\src\cpptemplate\cpptempl.h">
      <Filter>Source Files\cpptemplate</Filter>
    </ClInclude>
    <ClInclude Include="..\src\format_string.h">
      <Filter>Header Files</Filter>
    </ClInclude>
    <ClInclude Include="..\src\HexValues.h">
      <Filter>Header Files</Filter>
    </ClInclude>
    <ClInclude Include="..\src\Logging.h">
      <Filter>Header Files</Filter>
    </ClInclude>
    <ClInclude Include="..\src\options.h">
      <Filter>Header Files</Filter>
    </ClInclude>
    <ClInclude Include="..\src\SearchPath.h">
      <Filter>Header Files</Filter>
    </ClInclude>
    <ClInclude Include="..\src\smart_ptr.h">
      <Filter>Header Files</Filter>
    </ClInclude>
    <ClInclude Include="..\src\Value.h">
      <Filter>Header Files</Filter>
    </ClInclude>
    <ClInclude Include="..\src\AstNode.h">
      <Filter>Header Files</Filter>
    </ClInclude>
    <ClInclude Include="..\src\AstWalker.h">
      <Filter>Header Files</Filter>
    </ClInclude>
    <ClInclude Include="..\src\CGenerator.h">
      <Filter>Header Files</Filter>
    </ClInclude>
    <ClInclude Include="..\src\ErpcLexer.h">
      <Filter>Header Files</Filter>
    </ClInclude>
    <ClInclude Include="..\src\Generator.h">
      <Filter>Header Files</Filter>
    </ClInclude>
    <ClInclude Include="..\src\InterfaceDefinition.h">
      <Filter>Header Files</Filter>
    </ClInclude>
    <ClInclude Include="..\src\ParseErrors.h">
      <Filter>Header Files</Filter>
    </ClInclude>
    <ClInclude Include="..\src\PythonGenerator.h">
      <Filter>Header Files</Filter>
    </ClInclude>
    <ClInclude Include="..\src\SymbolScanner.h">
      <Filter>Header Files</Filter>
    </ClInclude>
    <ClInclude Include="..\src\Token.h">
      <Filter>Header Files</Filter>
    </ClInclude>
    <ClInclude Include="..\src\UniqueIdChecker.h">
      <Filter>Header Files</Filter>
    </ClInclude>
    <ClInclude Include="..\src\types\AliasType.h">
      <Filter>Header Files\types</Filter>
    </ClInclude>
    <ClInclude Include="..\src\types\ArrayType.h">
      <Filter>Header Files\types</Filter>
    </ClInclude>
    <ClInclude Include="..\src\types\BuiltinType.h">
      <Filter>Header Files\types</Filter>
    </ClInclude>
    <ClInclude Include="..\src\types\ConstType.h">
      <Filter>Header Files\types</Filter>
    </ClInclude>
    <ClInclude Include="..\src\types\EnumType.h">
      <Filter>Header Files\types</Filter>
    </ClInclude>
    <ClInclude Include="..\src\types\ListType.h">
      <Filter>Header Files\types</Filter>
    </ClInclude>
    <ClInclude Include="..\src\types\StructType.h">
      <Filter>Header Files\types</Filter>
    </ClInclude>
    <ClInclude Include="..\src\types\StructMember.h">
      <Filter>Header Files\types</Filter>
    </ClInclude>
    <ClInclude Include="..\src\types\Symbol.h">
      <Filter>Header Files\types</Filter>
    </ClInclude>
    <ClInclude Include="..\src\types\DataType.h">
      <Filter>Header Files\types</Filter>
    </ClInclude>
    <ClInclude Include="..\src\types\EnumMember.h">
      <Filter>Header Files\types</Filter>
    </ClInclude>
    <ClInclude Include="..\src\types\VoidType.h">
      <Filter>Header Files\types</Filter>
    </ClInclude>
    <ClInclude Include="..\src\types\Annotation.h">
      <Filter>Header Files\types</Filter>
    </ClInclude>
    <ClInclude Include="..\src\types\Function.h">
      <Filter>Header Files\types</Filter>
    </ClInclude>
    <ClInclude Include="..\src\types\Interface.h">
      <Filter>Header Files\types</Filter>
    </ClInclude>
    <ClInclude Include="..\src\types\Program.h">
      <Filter>Header Files\types</Filter>
    </ClInclude>
    <ClInclude Include="..\src\types\SymbolScope.h">
      <Filter>Header Files\types</Filter>
    </ClInclude>
    <ClInclude Include="..\src\types\UnionCase.h">
      <Filter>Header Files\types</Filter>
    </ClInclude>
    <ClInclude Include="..\src\types\UnionType.h">
      <Filter>Header Files\types</Filter>
    </ClInclude>
  </ItemGroup>
  <ItemGroup>
    <ClCompile Include="stdafx.cpp">
      <Filter>Source Files</Filter>
    </ClCompile>
    <ClCompile Include="..\src\cpptemplate\cpptempl.cpp">
      <Filter>Source Files\cpptemplate</Filter>
    </ClCompile>
    <ClCompile Include="c_client_source.cpp">
      <Filter>Source Files</Filter>
    </ClCompile>
    <ClCompile Include="c_coders.cpp">
      <Filter>Source Files</Filter>
    </ClCompile>
    <ClCompile Include="c_common_header.cpp">
      <Filter>Source Files</Filter>
    </ClCompile>
    <ClCompile Include="c_server_header.cpp">
      <Filter>Source Files</Filter>
    </ClCompile>
    <ClCompile Include="c_server_source.cpp">
      <Filter>Source Files</Filter>
    </ClCompile>
    <ClCompile Include="erpcgen_lexer.flex.cpp">
      <Filter>Source Files</Filter>
    </ClCompile>
    <ClCompile Include="erpcgen_parser.tab.cpp">
      <Filter>Source Files</Filter>
    </ClCompile>
    <ClCompile Include="py_client.cpp">
      <Filter>Source Files</Filter>
    </ClCompile>
    <ClCompile Include="py_coders.cpp">
      <Filter>Source Files</Filter>
    </ClCompile>
    <ClCompile Include="py_common.cpp">
      <Filter>Source Files</Filter>
    </ClCompile>
    <ClCompile Include="py_init.cpp">
      <Filter>Source Files</Filter>
    </ClCompile>
    <ClCompile Include="py_server.cpp">
      <Filter>Source Files</Filter>
    </ClCompile>
    <ClCompile Include="..\src\format_string.cpp">
      <Filter>Source Files</Filter>
    </ClCompile>
    <ClCompile Include="..\src\HexValues.cpp">
      <Filter>Source Files</Filter>
    </ClCompile>
    <ClCompile Include="..\src\Logging.cpp">
      <Filter>Source Files</Filter>
    </ClCompile>
    <ClCompile Include="..\src\options.cpp">
      <Filter>Source Files</Filter>
    </ClCompile>
    <ClCompile Include="..\src\SearchPath.cpp">
      <Filter>Source Files</Filter>
    </ClCompile>
    <ClCompile Include="..\src\Value.cpp">
      <Filter>Source Files</Filter>
    </ClCompile>
    <ClCompile Include="..\src\AstNode.cpp">
      <Filter>Source Files</Filter>
    </ClCompile>
    <ClCompile Include="..\src\AstWalker.cpp">
      <Filter>Source Files</Filter>
    </ClCompile>
    <ClCompile Include="..\src\CGenerator.cpp">
      <Filter>Source Files</Filter>
    </ClCompile>
    <ClCompile Include="..\src\erpcgen.cpp">
      <Filter>Source Files</Filter>
    </ClCompile>
    <ClCompile Include="..\src\ErpcLexer.cpp">
      <Filter>Source Files</Filter>
    </ClCompile>
    <ClCompile Include="..\src\Generator.cpp">
      <Filter>Source Files</Filter>
    </ClCompile>
    <ClCompile Include="..\src\InterfaceDefinition.cpp">
      <Filter>Source Files</Filter>
    </ClCompile>
    <ClCompile Include="..\src\ParseErrors.cpp">
      <Filter>Source Files</Filter>
    </ClCompile>
    <ClCompile Include="..\src\PythonGenerator.cpp">
      <Filter>Source Files</Filter>
    </ClCompile>
    <ClCompile Include="..\src\SymbolScanner.cpp">
      <Filter>Source Files</Filter>
    </ClCompile>
    <ClCompile Include="..\src\Token.cpp">
      <Filter>Source Files</Filter>
    </ClCompile>
    <ClCompile Include="..\src\types\Type.cpp">
      <Filter>Source Files</Filter>
    </ClCompile>
    <ClCompile Include="..\src\UniqueIdChecker.cpp">
      <Filter>Source Files</Filter>
    </ClCompile>
    <ClCompile Include="c_common_functions.cpp">
      <Filter>Source Files</Filter>
    </ClCompile>
    <ClCompile Include="py_interface.cpp">
      <Filter>Source Files</Filter>
    </ClCompile>
    <ClCompile Include="c_defines.cpp">
      <Filter>Source Files</Filter>
    </ClCompile>
  </ItemGroup>
  <ItemGroup>
    <Flex Include="..\src\erpcgen_lexer.l" />
  </ItemGroup>
  <ItemGroup>
    <Bison Include="..\src\erpcgen_parser.y" />
  </ItemGroup>
</Project>